
Microsoft Visual Studio Solution File, Format Version 12.00
# Visual Studio Version 16
VisualStudioVersion = 16.0.31005.135
MinimumVisualStudioVersion = 10.0.40219.1
Project("{9A19103F-16F7-4668-BE54-9A1E7A4F7556}") = "DignisiaTest", "DignisiaTest\DignisiaTest.csproj", "{2A5B6352-896A-461C-827B-51B8B6D3C26A}"
EndProject
Project("{FAE04EC0-301F-11D3-BF4B-00C04F79EFBC}") = "NUnitTestProject1", "NUnitTestProject1\NUnitTestProject1.csproj", "{005BEF59-1910-4554-B387-F128F53B2EE7}"
EndProject
Global
	GlobalSection(SolutionConfigurationPlatforms) = preSolution
		Debug|Any CPU = Debug|Any CPU
		Release|Any CPU = Release|Any CPU
	EndGlobalSection
	GlobalSection(ProjectConfigurationPlatforms) = postSolution
		{2A5B6352-896A-461C-827B-51B8B6D3C26A}.Debug|Any CPU.ActiveCfg = Debug|Any CPU
		{2A5B6352-896A-461C-827B-51B8B6D3C26A}.Debug|Any CPU.Build.0 = Debug|Any CPU
		{2A5B6352-896A-461C-827B-51B8B6D3C26A}.Release|Any CPU.ActiveCfg = Release|Any CPU
		{2A5B6352-896A-461C-827B-51B8B6D3C26A}.Release|Any CPU.Build.0 = Release|Any CPU
		{005BEF59-1910-4554-B387-F128F53B2EE7}.Debug|Any CPU.ActiveCfg = Debug|Any CPU
		{005BEF59-1910-4554-B387-F128F53B2EE7}.Debug|Any CPU.Build.0 = Debug|Any CPU
		{005BEF59-1910-4554-B387-F128F53B2EE7}.Release|Any CPU.ActiveCfg = Release|Any CPU
		{005BEF59-1910-4554-B387-F128F53B2EE7}.Release|Any CPU.Build.0 = Release|Any CPU
	EndGlobalSection
	GlobalSection(SolutionProperties) = preSolution
		HideSolutionNode = FALSE
	EndGlobalSection
	GlobalSection(ExtensibilityGlobals) = postSolution
		SolutionGuid = {808F6FE1-6B5A-4F15-A533-C2D032E2F445}
	EndGlobalSection
EndGlobal
